
Microsoft Visual Studio Solution File, Format Version 12.00
# Visual Studio 2012
Project("{FAE04EC0-301F-11D3-BF4B-00C04F79EFBC}") = "WordUnscrambler", "WordUnscrambler\WordUnscrambler.csproj", "{B96FDFA7-064D-4B63-A8CD-E62C1B6D4988}"
EndProject
Global
	GlobalSection(SolutionConfigurationPlatforms) = preSolution
		Debug|Any CPU = Debug|Any CPU
		Release|Any CPU = Release|Any CPU
	EndGlobalSection
	GlobalSection(ProjectConfigurationPlatforms) = postSolution
		{B96FDFA7-064D-4B63-A8CD-E62C1B6D4988}.Debug|Any CPU.ActiveCfg = Debug|Any CPU
		{B96FDFA7-064D-4B63-A8CD-E62C1B6D4988}.Debug|Any CPU.Build.0 = Debug|Any CPU
		{B96FDFA7-064D-4B63-A8CD-E62C1B6D4988}.Release|Any CPU.ActiveCfg = Release|Any CPU
		{B96FDFA7-064D-4B63-A8CD-E62C1B6D4988}.Release|Any CPU.Build.0 = Release|Any CPU
	EndGlobalSection
EndGlobal
